
Microsoft Visual Studio Solution File, Format Version 12.00
# Visual Studio Version 17
VisualStudioVersion = 17.1.32407.343
MinimumVisualStudioVersion = 10.0.40219.1
Project("{9A19103F-16F7-4668-BE54-9A1E7A4F7556}") = "GrpcServer", "GrpcServer\GrpcServer.csproj", "{67110242-C856-4396-942B-9F22FA5667B2}"
EndProject
Project("{FAE04EC0-301F-11D3-BF4B-00C04F79EFBC}") = "GrpcClient", "GrpcClient\GrpcClient.csproj", "{F7AECB49-9DDC-48DE-8AE3-C3D453DA17D3}"
EndProject
Global
	GlobalSection(SolutionConfigurationPlatforms) = preSolution
		Debug|Any CPU = Debug|Any CPU
		Release|Any CPU = Release|Any CPU
	EndGlobalSection
	GlobalSection(ProjectConfigurationPlatforms) = postSolution
		{67110242-C856-4396-942B-9F22FA5667B2}.Debug|Any CPU.ActiveCfg = Debug|Any CPU
		{67110242-C856-4396-942B-9F22FA5667B2}.Debug|Any CPU.Build.0 = Debug|Any CPU
		{67110242-C856-4396-942B-9F22FA5667B2}.Release|Any CPU.ActiveCfg = Release|Any CPU
		{67110242-C856-4396-942B-9F22FA5667B2}.Release|Any CPU.Build.0 = Release|Any CPU
		{F7AECB49-9DDC-48DE-8AE3-C3D453DA17D3}.Debug|Any CPU.ActiveCfg = Debug|Any CPU
		{F7AECB49-9DDC-48DE-8AE3-C3D453DA17D3}.Debug|Any CPU.Build.0 = Debug|Any CPU
		{F7AECB49-9DDC-48DE-8AE3-C3D453DA17D3}.Release|Any CPU.ActiveCfg = Release|Any CPU
		{F7AECB49-9DDC-48DE-8AE3-C3D453DA17D3}.Release|Any CPU.Build.0 = Release|Any CPU
	EndGlobalSection
	GlobalSection(SolutionProperties) = preSolution
		HideSolutionNode = FALSE
	EndGlobalSection
	GlobalSection(ExtensibilityGlobals) = postSolution
		SolutionGuid = {ADB621FB-3CF6-44F9-9E38-69CC41E3C6F2}
	EndGlobalSection
EndGlobal
